// !$*UTF8*$!
{
	archiveVersion = 1;
	classes = {
	};
	objectVersion = 55;
	objects = {

/* Begin PBXBuildFile section */
		6F0C318D275EBBB0001FE775 /* SpeechService.swift in Sources */ = {isa = PBXBuildFile; fileRef = 6F0C318C275EBBB0001FE775 /* SpeechService.swift */; };
		6F2DC0F0275F9EAB00292290 /* AccessibilityInformation.swift in Sources */ = {isa = PBXBuildFile; fileRef = 6F2DC0EF275F9EAB00292290 /* AccessibilityInformation.swift */; };
		6F2DC0F2275F9F0A00292290 /* SpeechServicePhrases.swift in Sources */ = {isa = PBXBuildFile; fileRef = 6F2DC0F1275F9F0A00292290 /* SpeechServicePhrases.swift */; };
		6F2DC0F4275FD04500292290 /* ExploreViewController.swift in Sources */ = {isa = PBXBuildFile; fileRef = 6F2DC0F3275FD04500292290 /* ExploreViewController.swift */; };
		6F2DC0F9275FDBBB00292290 /* CancelViewController.swift in Sources */ = {isa = PBXBuildFile; fileRef = 6F2DC0F8275FDBBB00292290 /* CancelViewController.swift */; };
		6F2DC0FB275FDC7000292290 /* NavigationViewController.swift in Sources */ = {isa = PBXBuildFile; fileRef = 6F2DC0FA275FDC7000292290 /* NavigationViewController.swift */; };
		6F2DC0FD2760256900292290 /* PopupViewController.swift in Sources */ = {isa = PBXBuildFile; fileRef = 6F2DC0FC2760256900292290 /* PopupViewController.swift */; };
		6F3FBD4D273B295300657367 /* AppDelegate.swift in Sources */ = {isa = PBXBuildFile; fileRef = 6F3FBD4C273B295300657367 /* AppDelegate.swift */; };
		6F3FBD4F273B295300657367 /* SceneDelegate.swift in Sources */ = {isa = PBXBuildFile; fileRef = 6F3FBD4E273B295300657367 /* SceneDelegate.swift */; };
		6F3FBD51273B295300657367 /* StartViewController.swift in Sources */ = {isa = PBXBuildFile; fileRef = 6F3FBD50273B295300657367 /* StartViewController.swift */; };
		6F3FBD54273B295300657367 /* Main.storyboard in Resources */ = {isa = PBXBuildFile; fileRef = 6F3FBD52273B295300657367 /* Main.storyboard */; };
		6F3FBD56273B295400657367 /* Assets.xcassets in Resources */ = {isa = PBXBuildFile; fileRef = 6F3FBD55273B295400657367 /* Assets.xcassets */; };
		6F3FBD59273B295400657367 /* LaunchScreen.storyboard in Resources */ = {isa = PBXBuildFile; fileRef = 6F3FBD57273B295400657367 /* LaunchScreen.storyboard */; };
		6FBE7C6427605B5C007A34E7 /* SelectDestinationViewController.swift in Sources */ = {isa = PBXBuildFile; fileRef = 6FBE7C6327605B5C007A34E7 /* SelectDestinationViewController.swift */; };
		ABD532F68E89B1559E00FCA8 /* Pods_HCI_Prototype.framework in Frameworks */ = {isa = PBXBuildFile; fileRef = FA06FEF81F70A1E3132F4C54 /* Pods_HCI_Prototype.framework */; };
/* End PBXBuildFile section */

/* Begin PBXContainerItemProxy section */
		6F3FBD60273B295400657367 /* PBXContainerItemProxy */ = {
			isa = PBXContainerItemProxy;
			containerPortal = 6F3FBD41273B295300657367 /* Project object */;
			proxyType = 1;
			remoteGlobalIDString = 6F3FBD48273B295300657367;
			remoteInfo = HCI_Prototype;
		};
		6F3FBD6A273B295400657367 /* PBXContainerItemProxy */ = {
			isa = PBXContainerItemProxy;
			containerPortal = 6F3FBD41273B295300657367 /* Project object */;
			proxyType = 1;
			remoteGlobalIDString = 6F3FBD48273B295300657367;
			remoteInfo = HCI_Prototype;
		};
/* End PBXContainerItemProxy section */

/* Begin PBXFileReference section */
		1AC6FC53A6E066803D00F23F /* Pods-HCI_Prototype.release.xcconfig */ = {isa = PBXFileReference; includeInIndex = 1; lastKnownFileType = text.xcconfig; name = "Pods-HCI_Prototype.release.xcconfig"; path = "Target Support Files/Pods-HCI_Prototype/Pods-HCI_Prototype.release.xcconfig"; sourceTree = "<group>"; };
		6F0C318C275EBBB0001FE775 /* SpeechService.swift */ = {isa = PBXFileReference; lastKnownFileType = sourcecode.swift; path = SpeechService.swift; sourceTree = "<group>"; };
		6F2DC0EF275F9EAB00292290 /* AccessibilityInformation.swift */ = {isa = PBXFileReference; lastKnownFileType = sourcecode.swift; path = AccessibilityInformation.swift; sourceTree = "<group>"; };
		6F2DC0F1275F9F0A00292290 /* SpeechServicePhrases.swift */ = {isa = PBXFileReference; lastKnownFileType = sourcecode.swift; path = SpeechServicePhrases.swift; sourceTree = "<group>"; };
		6F2DC0F3275FD04500292290 /* ExploreViewController.swift */ = {isa = PBXFileReference; lastKnownFileType = sourcecode.swift; path = ExploreViewController.swift; sourceTree = "<group>"; };
		6F2DC0F8275FDBBB00292290 /* CancelViewController.swift */ = {isa = PBXFileReference; lastKnownFileType = sourcecode.swift; path = CancelViewController.swift; sourceTree = "<group>"; };
		6F2DC0FA275FDC7000292290 /* NavigationViewController.swift */ = {isa = PBXFileReference; lastKnownFileType = sourcecode.swift; path = NavigationViewController.swift; sourceTree = "<group>"; };
		6F2DC0FC2760256900292290 /* PopupViewController.swift */ = {isa = PBXFileReference; lastKnownFileType = sourcecode.swift; path = PopupViewController.swift; sourceTree = "<group>"; };
		6F3FBD49273B295300657367 /* HCI_Prototype.app */ = {isa = PBXFileReference; explicitFileType = wrapper.application; includeInIndex = 0; path = HCI_Prototype.app; sourceTree = BUILT_PRODUCTS_DIR; };
		6F3FBD4C273B295300657367 /* AppDelegate.swift */ = {isa = PBXFileReference; lastKnownFileType = sourcecode.swift; path = AppDelegate.swift; sourceTree = "<group>"; };
		6F3FBD4E273B295300657367 /* SceneDelegate.swift */ = {isa = PBXFileReference; lastKnownFileType = sourcecode.swift; path = SceneDelegate.swift; sourceTree = "<group>"; };
		6F3FBD50273B295300657367 /* StartViewController.swift */ = {isa = PBXFileReference; lastKnownFileType = sourcecode.swift; path = StartViewController.swift; sourceTree = "<group>"; };
		6F3FBD53273B295300657367 /* Base */ = {isa = PBXFileReference; lastKnownFileType = file.storyboard; name = Base; path = Base.lproj/Main.storyboard; sourceTree = "<group>"; };
		6F3FBD55273B295400657367 /* Assets.xcassets */ = {isa = PBXFileReference; lastKnownFileType = folder.assetcatalog; path = Assets.xcassets; sourceTree = "<group>"; };
		6F3FBD58273B295400657367 /* Base */ = {isa = PBXFileReference; lastKnownFileType = file.storyboard; name = Base; path = Base.lproj/LaunchScreen.storyboard; sourceTree = "<group>"; };
		6F3FBD5A273B295400657367 /* Info.plist */ = {isa = PBXFileReference; lastKnownFileType = text.plist.xml; path = Info.plist; sourceTree = "<group>"; };
		6F3FBD5F273B295400657367 /* HCI_PrototypeTests.xctest */ = {isa = PBXFileReference; explicitFileType = wrapper.cfbundle; includeInIndex = 0; path = HCI_PrototypeTests.xctest; sourceTree = BUILT_PRODUCTS_DIR; };
		6F3FBD69273B295400657367 /* HCI_PrototypeUITests.xctest */ = {isa = PBXFileReference; explicitFileType = wrapper.cfbundle; includeInIndex = 0; path = HCI_PrototypeUITests.xctest; sourceTree = BUILT_PRODUCTS_DIR; };
		6FBE7C6327605B5C007A34E7 /* SelectDestinationViewController.swift */ = {isa = PBXFileReference; lastKnownFileType = sourcecode.swift; path = SelectDestinationViewController.swift; sourceTree = "<group>"; };
		9596F01C3C9F8ADE12A38014 /* Pods-HCI_Prototype.debug.xcconfig */ = {isa = PBXFileReference; includeInIndex = 1; lastKnownFileType = text.xcconfig; name = "Pods-HCI_Prototype.debug.xcconfig"; path = "Target Support Files/Pods-HCI_Prototype/Pods-HCI_Prototype.debug.xcconfig"; sourceTree = "<group>"; };
		FA06FEF81F70A1E3132F4C54 /* Pods_HCI_Prototype.framework */ = {isa = PBXFileReference; explicitFileType = wrapper.framework; includeInIndex = 0; path = Pods_HCI_Prototype.framework; sourceTree = BUILT_PRODUCTS_DIR; };
/* End PBXFileReference section */

/* Begin PBXFrameworksBuildPhase section */
		6F3FBD46273B295300657367 /* Frameworks */ = {
			isa = PBXFrameworksBuildPhase;
			buildActionMask = 2147483647;
			files = (
				ABD532F68E89B1559E00FCA8 /* Pods_HCI_Prototype.framework in Frameworks */,
			);
			runOnlyForDeploymentPostprocessing = 0;
		};
		6F3FBD5C273B295400657367 /* Frameworks */ = {
			isa = PBXFrameworksBuildPhase;
			buildActionMask = 2147483647;
			files = (
			);
			runOnlyForDeploymentPostprocessing = 0;
		};
		6F3FBD66273B295400657367 /* Frameworks */ = {
			isa = PBXFrameworksBuildPhase;
			buildActionMask = 2147483647;
			files = (
			);
			runOnlyForDeploymentPostprocessing = 0;
		};
/* End PBXFrameworksBuildPhase section */

/* Begin PBXGroup section */
		0E89AC0FE844682C966FBF82 /* Frameworks */ = {
			isa = PBXGroup;
			children = (
				FA06FEF81F70A1E3132F4C54 /* Pods_HCI_Prototype.framework */,
			);
			name = Frameworks;
			sourceTree = "<group>";
		};
		6F2DC0F5275FDB0D00292290 /* Delegates */ = {
			isa = PBXGroup;
			children = (
				6F3FBD4C273B295300657367 /* AppDelegate.swift */,
				6F3FBD4E273B295300657367 /* SceneDelegate.swift */,
			);
			path = Delegates;
			sourceTree = "<group>";
		};
		6F2DC0F6275FDB1C00292290 /* ViewControllers */ = {
			isa = PBXGroup;
			children = (
				6F3FBD50273B295300657367 /* StartViewController.swift */,
				6F2DC0F3275FD04500292290 /* ExploreViewController.swift */,
				6F2DC0F8275FDBBB00292290 /* CancelViewController.swift */,
				6F2DC0FA275FDC7000292290 /* NavigationViewController.swift */,
				6F2DC0FC2760256900292290 /* PopupViewController.swift */,
				6FBE7C6327605B5C007A34E7 /* SelectDestinationViewController.swift */,
			);
			path = ViewControllers;
			sourceTree = "<group>";
		};
		6F2DC0F7275FDB5C00292290 /* Utilities */ = {
			isa = PBXGroup;
			children = (
				6F2DC0F1275F9F0A00292290 /* SpeechServicePhrases.swift */,
				6F2DC0EF275F9EAB00292290 /* AccessibilityInformation.swift */,
				6F0C318C275EBBB0001FE775 /* SpeechService.swift */,
			);
			path = Utilities;
			sourceTree = "<group>";
		};
		6F3FBD40273B295300657367 = {
			isa = PBXGroup;
			children = (
				6F3FBD4B273B295300657367 /* HCI_Prototype */,
				6F3FBD4A273B295300657367 /* Products */,
				E9E749CC9DD43C800D870894 /* Pods */,
				0E89AC0FE844682C966FBF82 /* Frameworks */,
			);
			sourceTree = "<group>";
		};
		6F3FBD4A273B295300657367 /* Products */ = {
			isa = PBXGroup;
			children = (
				6F3FBD49273B295300657367 /* HCI_Prototype.app */,
				6F3FBD5F273B295400657367 /* HCI_PrototypeTests.xctest */,
				6F3FBD69273B295400657367 /* HCI_PrototypeUITests.xctest */,
			);
			name = Products;
			sourceTree = "<group>";
		};
		6F3FBD4B273B295300657367 /* HCI_Prototype */ = {
			isa = PBXGroup;
			children = (
				6F2DC0F7275FDB5C00292290 /* Utilities */,
				6F2DC0F6275FDB1C00292290 /* ViewControllers */,
				6F2DC0F5275FDB0D00292290 /* Delegates */,
				6F3FBD52273B295300657367 /* Main.storyboard */,
				6F3FBD55273B295400657367 /* Assets.xcassets */,
				6F3FBD57273B295400657367 /* LaunchScreen.storyboard */,
				6F3FBD5A273B295400657367 /* Info.plist */,
			);
			path = HCI_Prototype;
			sourceTree = "<group>";
		};
		E9E749CC9DD43C800D870894 /* Pods */ = {
			isa = PBXGroup;
			children = (
				9596F01C3C9F8ADE12A38014 /* Pods-HCI_Prototype.debug.xcconfig */,
				1AC6FC53A6E066803D00F23F /* Pods-HCI_Prototype.release.xcconfig */,
			);
			path = Pods;
			sourceTree = "<group>";
		};
/* End PBXGroup section */

/* Begin PBXNativeTarget section */
		6F3FBD48273B295300657367 /* HCI_Prototype */ = {
			isa = PBXNativeTarget;
			buildConfigurationList = 6F3FBD73273B295400657367 /* Build configuration list for PBXNativeTarget "HCI_Prototype" */;
			buildPhases = (
				AAF4CD860ADFD3F32825A03D /* [CP] Check Pods Manifest.lock */,
				6F3FBD45273B295300657367 /* Sources */,
				6F3FBD46273B295300657367 /* Frameworks */,
				6F3FBD47273B295300657367 /* Resources */,
				6ABA303532D3A2F603B5B5A8 /* [CP] Embed Pods Frameworks */,
			);
			buildRules = (
			);
			dependencies = (
			);
			name = HCI_Prototype;
			productName = HCI_Prototype;
			productReference = 6F3FBD49273B295300657367 /* HCI_Prototype.app */;
			productType = "com.apple.product-type.application";
		};
		6F3FBD5E273B295400657367 /* HCI_PrototypeTests */ = {
			isa = PBXNativeTarget;
			buildConfigurationList = 6F3FBD76273B295400657367 /* Build configuration list for PBXNativeTarget "HCI_PrototypeTests" */;
			buildPhases = (
				6F3FBD5B273B295400657367 /* Sources */,
				6F3FBD5C273B295400657367 /* Frameworks */,
				6F3FBD5D273B295400657367 /* Resources */,
			);
			buildRules = (
			);
			dependencies = (
				6F3FBD61273B295400657367 /* PBXTargetDependency */,
			);
			name = HCI_PrototypeTests;
			productName = HCI_PrototypeTests;
			productReference = 6F3FBD5F273B295400657367 /* HCI_PrototypeTests.xctest */;
			productType = "com.apple.product-type.bundle.unit-test";
		};
		6F3FBD68273B295400657367 /* HCI_PrototypeUITests */ = {
			isa = PBXNativeTarget;
			buildConfigurationList = 6F3FBD79273B295400657367 /* Build configuration list for PBXNativeTarget "HCI_PrototypeUITests" */;
			buildPhases = (
				6F3FBD65273B295400657367 /* Sources */,
				6F3FBD66273B295400657367 /* Frameworks */,
				6F3FBD67273B295400657367 /* Resources */,
			);
			buildRules = (
			);
			dependencies = (
				6F3FBD6B273B295400657367 /* PBXTargetDependency */,
			);
			name = HCI_PrototypeUITests;
			productName = HCI_PrototypeUITests;
			productReference = 6F3FBD69273B295400657367 /* HCI_PrototypeUITests.xctest */;
			productType = "com.apple.product-type.bundle.ui-testing";
		};
/* End PBXNativeTarget section */

/* Begin PBXProject section */
		6F3FBD41273B295300657367 /* Project object */ = {
			isa = PBXProject;
			attributes = {
				BuildIndependentTargetsInParallel = 1;
				LastSwiftUpdateCheck = 1310;
				LastUpgradeCheck = 1310;
				TargetAttributes = {
					6F3FBD48273B295300657367 = {
						CreatedOnToolsVersion = 13.1;
					};
					6F3FBD5E273B295400657367 = {
						CreatedOnToolsVersion = 13.1;
						TestTargetID = 6F3FBD48273B295300657367;
					};
					6F3FBD68273B295400657367 = {
						CreatedOnToolsVersion = 13.1;
						TestTargetID = 6F3FBD48273B295300657367;
					};
				};
			};
			buildConfigurationList = 6F3FBD44273B295300657367 /* Build configuration list for PBXProject "HCI_Prototype" */;
			compatibilityVersion = "Xcode 13.0";
			developmentRegion = en;
			hasScannedForEncodings = 0;
			knownRegions = (
				en,
				Base,
			);
			mainGroup = 6F3FBD40273B295300657367;
			productRefGroup = 6F3FBD4A273B295300657367 /* Products */;
			projectDirPath = "";
			projectRoot = "";
			targets = (
				6F3FBD48273B295300657367 /* HCI_Prototype */,
				6F3FBD5E273B295400657367 /* HCI_PrototypeTests */,
				6F3FBD68273B295400657367 /* HCI_PrototypeUITests */,
			);
		};
/* End PBXProject section */

/* Begin PBXResourcesBuildPhase section */
		6F3FBD47273B295300657367 /* Resources */ = {
			isa = PBXResourcesBuildPhase;
			buildActionMask = 2147483647;
			files = (
				6F3FBD59273B295400657367 /* LaunchScreen.storyboard in Resources */,
				6F3FBD56273B295400657367 /* Assets.xcassets in Resources */,
				6F3FBD54273B295300657367 /* Main.storyboard in Resources */,
			);
			runOnlyForDeploymentPostprocessing = 0;
		};
		6F3FBD5D273B295400657367 /* Resources */ = {
			isa = PBXResourcesBuildPhase;
			buildActionMask = 2147483647;
			files = (
			);
			runOnlyForDeploymentPostprocessing = 0;
		};
		6F3FBD67273B295400657367 /* Resources */ = {
			isa = PBXResourcesBuildPhase;
			buildActionMask = 2147483647;
			files = (
			);
			runOnlyForDeploymentPostprocessing = 0;
		};
/* End PBXResourcesBuildPhase section */

/* Begin PBXShellScriptBuildPhase section */
		6ABA303532D3A2F603B5B5A8 /* [CP] Embed Pods Frameworks */ = {
			isa = PBXShellScriptBuildPhase;
			buildActionMask = 2147483647;
			files = (
			);
			inputFileListPaths = (
				"${PODS_ROOT}/Target Support Files/Pods-HCI_Prototype/Pods-HCI_Prototype-frameworks-${CONFIGURATION}-input-files.xcfilelist",
			);
			name = "[CP] Embed Pods Frameworks";
			outputFileListPaths = (
				"${PODS_ROOT}/Target Support Files/Pods-HCI_Prototype/Pods-HCI_Prototype-frameworks-${CONFIGURATION}-output-files.xcfilelist",
			);
			runOnlyForDeploymentPostprocessing = 0;
			shellPath = /bin/sh;
			shellScript = "\"${PODS_ROOT}/Target Support Files/Pods-HCI_Prototype/Pods-HCI_Prototype-frameworks.sh\"\n";
			showEnvVarsInLog = 0;
		};
		AAF4CD860ADFD3F32825A03D /* [CP] Check Pods Manifest.lock */ = {
			isa = PBXShellScriptBuildPhase;
			buildActionMask = 2147483647;
			files = (
			);
			inputFileListPaths = (
			);
			inputPaths = (
				"${PODS_PODFILE_DIR_PATH}/Podfile.lock",
				"${PODS_ROOT}/Manifest.lock",
			);
			name = "[CP] Check Pods Manifest.lock";
			outputFileListPaths = (
			);
			outputPaths = (
				"$(DERIVED_FILE_DIR)/Pods-HCI_Prototype-checkManifestLockResult.txt",
			);
			runOnlyForDeploymentPostprocessing = 0;
			shellPath = /bin/sh;
			shellScript = "diff \"${PODS_PODFILE_DIR_PATH}/Podfile.lock\" \"${PODS_ROOT}/Manifest.lock\" > /dev/null\nif [ $? != 0 ] ; then\n    # print error to STDERR\n    echo \"error: The sandbox is not in sync with the Podfile.lock. Run 'pod install' or update your CocoaPods installation.\" >&2\n    exit 1\nfi\n# This output is used by Xcode 'outputs' to avoid re-running this script phase.\necho \"SUCCESS\" > \"${SCRIPT_OUTPUT_FILE_0}\"\n";
			showEnvVarsInLog = 0;
		};
/* End PBXShellScriptBuildPhase section */

/* Begin PBXSourcesBuildPhase section */
		6F3FBD45273B295300657367 /* Sources */ = {
			isa = PBXSourcesBuildPhase;
			buildActionMask = 2147483647;
			files = (
				6F2DC0F2275F9F0A00292290 /* SpeechServicePhrases.swift in Sources */,
				6F3FBD51273B295300657367 /* StartViewController.swift in Sources */,
				6F2DC0F9275FDBBB00292290 /* CancelViewController.swift in Sources */,
				6F2DC0FB275FDC7000292290 /* NavigationViewController.swift in Sources */,
				6FBE7C6427605B5C007A34E7 /* SelectDestinationViewController.swift in Sources */,
				6F3FBD4D273B295300657367 /* AppDelegate.swift in Sources */,
				6F2DC0FD2760256900292290 /* PopupViewController.swift in Sources */,
				6F2DC0F0275F9EAB00292290 /* AccessibilityInformation.swift in Sources */,
				6F3FBD4F273B295300657367 /* SceneDelegate.swift in Sources */,
				6F2DC0F4275FD04500292290 /* ExploreViewController.swift in Sources */,
				6F0C318D275EBBB0001FE775 /* SpeechService.swift in Sources */,
			);
			runOnlyForDeploymentPostprocessing = 0;
		};
		6F3FBD5B273B295400657367 /* Sources */ = {
			isa = PBXSourcesBuildPhase;
			buildActionMask = 2147483647;
			files = (
			);
			runOnlyForDeploymentPostprocessing = 0;
		};
		6F3FBD65273B295400657367 /* Sources */ = {
			isa = PBXSourcesBuildPhase;
			buildActionMask = 2147483647;
			files = (
			);
			runOnlyForDeploymentPostprocessing = 0;
		};
/* End PBXSourcesBuildPhase section */

/* Begin PBXTargetDependency section */
		6F3FBD61273B295400657367 /* PBXTargetDependency */ = {
			isa = PBXTargetDependency;
			target = 6F3FBD48273B295300657367 /* HCI_Prototype */;
			targetProxy = 6F3FBD60273B295400657367 /* PBXContainerItemProxy */;
		};
		6F3FBD6B273B295400657367 /* PBXTargetDependency */ = {
			isa = PBXTargetDependency;
			target = 6F3FBD48273B295300657367 /* HCI_Prototype */;
			targetProxy = 6F3FBD6A273B295400657367 /* PBXContainerItemProxy */;
		};
/* End PBXTargetDependency section */

/* Begin PBXVariantGroup section */
		6F3FBD52273B295300657367 /* Main.storyboard */ = {
			isa = PBXVariantGroup;
			children = (
				6F3FBD53273B295300657367 /* Base */,
			);
			name = Main.storyboard;
			sourceTree = "<group>";
		};
		6F3FBD57273B295400657367 /* LaunchScreen.storyboard */ = {
			isa = PBXVariantGroup;
			children = (
				6F3FBD58273B295400657367 /* Base */,
			);
			name = LaunchScreen.storyboard;
			sourceTree = "<group>";
		};
/* End PBXVariantGroup section */

/* Begin XCBuildConfiguration section */
		6F3FBD71273B295400657367 /* Debug */ = {
			isa = XCBuildConfiguration;
			buildSettings = {
				ALWAYS_SEARCH_USER_PATHS = NO;
				CLANG_ANALYZER_NONNULL = YES;
				CLANG_ANALYZER_NUMBER_OBJECT_CONVERSION = YES_AGGRESSIVE;
				CLANG_CXX_LANGUAGE_STANDARD = "gnu++17";
				CLANG_CXX_LIBRARY = "libc++";
				CLANG_ENABLE_MODULES = YES;
				CLANG_ENABLE_OBJC_ARC = YES;
				CLANG_ENABLE_OBJC_WEAK = YES;
				CLANG_WARN_BLOCK_CAPTURE_AUTORELEASING = YES;
				CLANG_WARN_BOOL_CONVERSION = YES;
				CLANG_WARN_COMMA = YES;
				CLANG_WARN_CONSTANT_CONVERSION = YES;
				CLANG_WARN_DEPRECATED_OBJC_IMPLEMENTATIONS = YES;
				CLANG_WARN_DIRECT_OBJC_ISA_USAGE = YES_ERROR;
				CLANG_WARN_DOCUMENTATION_COMMENTS = YES;
				CLANG_WARN_EMPTY_BODY = YES;
				CLANG_WARN_ENUM_CONVERSION = YES;
				CLANG_WARN_INFINITE_RECURSION = YES;
				CLANG_WARN_INT_CONVERSION = YES;
				CLANG_WARN_NON_LITERAL_NULL_CONVERSION = YES;
				CLANG_WARN_OBJC_IMPLICIT_RETAIN_SELF = YES;
				CLANG_WARN_OBJC_LITERAL_CONVERSION = YES;
				CLANG_WARN_OBJC_ROOT_CLASS = YES_ERROR;
				CLANG_WARN_QUOTED_INCLUDE_IN_FRAMEWORK_HEADER = YES;
				CLANG_WARN_RANGE_LOOP_ANALYSIS = YES;
				CLANG_WARN_STRICT_PROTOTYPES = YES;
				CLANG_WARN_SUSPICIOUS_MOVE = YES;
				CLANG_WARN_UNGUARDED_AVAILABILITY = YES_AGGRESSIVE;
				CLANG_WARN_UNREACHABLE_CODE = YES;
				CLANG_WARN__DUPLICATE_METHOD_MATCH = YES;
				COPY_PHASE_STRIP = NO;
				DEBUG_INFORMATION_FORMAT = dwarf;
				ENABLE_STRICT_OBJC_MSGSEND = YES;
				ENABLE_TESTABILITY = YES;
				GCC_C_LANGUAGE_STANDARD = gnu11;
				GCC_DYNAMIC_NO_PIC = NO;
				GCC_NO_COMMON_BLOCKS = YES;
				GCC_OPTIMIZATION_LEVEL = 0;
				GCC_PREPROCESSOR_DEFINITIONS = (
					"DEBUG=1",
					"$(inherited)",
				);
				GCC_WARN_64_TO_32_BIT_CONVERSION = YES;
				GCC_WARN_ABOUT_RETURN_TYPE = YES_ERROR;
				GCC_WARN_UNDECLARED_SELECTOR = YES;
				GCC_WARN_UNINITIALIZED_AUTOS = YES_AGGRESSIVE;
				GCC_WARN_UNUSED_FUNCTION = YES;
				GCC_WARN_UNUSED_VARIABLE = YES;
				IPHONEOS_DEPLOYMENT_TARGET = 15.0;
				MTL_ENABLE_DEBUG_INFO = INCLUDE_SOURCE;
				MTL_FAST_MATH = YES;
				ONLY_ACTIVE_ARCH = YES;
				SDKROOT = iphoneos;
				SWIFT_ACTIVE_COMPILATION_CONDITIONS = DEBUG;
				SWIFT_OPTIMIZATION_LEVEL = "-Onone";
			};
			name = Debug;
		};
		6F3FBD72273B295400657367 /* Release */ = {
			isa = XCBuildConfiguration;
			buildSettings = {
				ALWAYS_SEARCH_USER_PATHS = NO;
				CLANG_ANALYZER_NONNULL = YES;
				CLANG_ANALYZER_NUMBER_OBJECT_CONVERSION = YES_AGGRESSIVE;
				CLANG_CXX_LANGUAGE_STANDARD = "gnu++17";
				CLANG_CXX_LIBRARY = "libc++";
				CLANG_ENABLE_MODULES = YES;
				CLANG_ENABLE_OBJC_ARC = YES;
				CLANG_ENABLE_OBJC_WEAK = YES;
				CLANG_WARN_BLOCK_CAPTURE_AUTORELEASING = YES;
				CLANG_WARN_BOOL_CONVERSION = YES;
				CLANG_WARN_COMMA = YES;
				CLANG_WARN_CONSTANT_CONVERSION = YES;
				CLANG_WARN_DEPRECATED_OBJC_IMPLEMENTATIONS = YES;
				CLANG_WARN_DIRECT_OBJC_ISA_USAGE = YES_ERROR;
				CLANG_WARN_DOCUMENTATION_COMMENTS = YES;
				CLANG_WARN_EMPTY_BODY = YES;
				CLANG_WARN_ENUM_CONVERSION = YES;
				CLANG_WARN_INFINITE_RECURSION = YES;
				CLANG_WARN_INT_CONVERSION = YES;
				CLANG_WARN_NON_LITERAL_NULL_CONVERSION = YES;
				CLANG_WARN_OBJC_IMPLICIT_RETAIN_SELF = YES;
				CLANG_WARN_OBJC_LITERAL_CONVERSION = YES;
				CLANG_WARN_OBJC_ROOT_CLASS = YES_ERROR;
				CLANG_WARN_QUOTED_INCLUDE_IN_FRAMEWORK_HEADER = YES;
				CLANG_WARN_RANGE_LOOP_ANALYSIS = YES;
				CLANG_WARN_STRICT_PROTOTYPES = YES;
				CLANG_WARN_SUSPICIOUS_MOVE = YES;
				CLANG_WARN_UNGUARDED_AVAILABILITY = YES_AGGRESSIVE;
				CLANG_WARN_UNREACHABLE_CODE = YES;
				CLANG_WARN__DUPLICATE_METHOD_MATCH = YES;
				COPY_PHASE_STRIP = NO;
				DEBUG_INFORMATION_FORMAT = "dwarf-with-dsym";
				ENABLE_NS_ASSERTIONS = NO;
				ENABLE_STRICT_OBJC_MSGSEND = YES;
				GCC_C_LANGUAGE_STANDARD = gnu11;
				GCC_NO_COMMON_BLOCKS = YES;
				GCC_WARN_64_TO_32_BIT_CONVERSION = YES;
				GCC_WARN_ABOUT_RETURN_TYPE = YES_ERROR;
				GCC_WARN_UNDECLARED_SELECTOR = YES;
				GCC_WARN_UNINITIALIZED_AUTOS = YES_AGGRESSIVE;
				GCC_WARN_UNUSED_FUNCTION = YES;
				GCC_WARN_UNUSED_VARIABLE = YES;
				IPHONEOS_DEPLOYMENT_TARGET = 15.0;
				MTL_ENABLE_DEBUG_INFO = NO;
				MTL_FAST_MATH = YES;
				SDKROOT = iphoneos;
				SWIFT_COMPILATION_MODE = wholemodule;
				SWIFT_OPTIMIZATION_LEVEL = "-O";
				VALIDATE_PRODUCT = YES;
			};
			name = Release;
		};
		6F3FBD74273B295400657367 /* Debug */ = {
			isa = XCBuildConfiguration;
			baseConfigurationReference = 9596F01C3C9F8ADE12A38014 /* Pods-HCI_Prototype.debug.xcconfig */;
			buildSettings = {
				ASSETCATALOG_COMPILER_APPICON_NAME = AppIcon;
				ASSETCATALOG_COMPILER_GLOBAL_ACCENT_COLOR_NAME = AccentColor;
				CODE_SIGN_STYLE = Automatic;
				CURRENT_PROJECT_VERSION = 1;
				DEVELOPMENT_TEAM = W3KVX86XKG;
				GENERATE_INFOPLIST_FILE = YES;
				INFOPLIST_FILE = HCI_Prototype/Info.plist;
				INFOPLIST_KEY_UIApplicationSupportsIndirectInputEvents = YES;
				INFOPLIST_KEY_UILaunchStoryboardName = LaunchScreen;
				INFOPLIST_KEY_UIMainStoryboardFile = Main;
				INFOPLIST_KEY_UISupportedInterfaceOrientations_iPad = "UIInterfaceOrientationPortrait UIInterfaceOrientationPortraitUpsideDown UIInterfaceOrientationLandscapeLeft UIInterfaceOrientationLandscapeRight";
				INFOPLIST_KEY_UISupportedInterfaceOrientations_iPhone = "UIInterfaceOrientationPortrait UIInterfaceOrientationLandscapeLeft UIInterfaceOrientationLandscapeRight";
				LD_RUNPATH_SEARCH_PATHS = (
					"$(inherited)",
					"@executable_path/Frameworks",
				);
				MARKETING_VERSION = 1.0;
				PRODUCT_BUNDLE_IDENTIFIER = "com.zfogg.HCI-Prototype";
				PRODUCT_NAME = "$(TARGET_NAME)";
				SWIFT_EMIT_LOC_STRINGS = YES;
				SWIFT_VERSION = 5.0;
				TARGETED_DEVICE_FAMILY = "1,2";
			};
			name = Debug;
		};
		6F3FBD75273B295400657367 /* Release */ = {
			isa = XCBuildConfiguration;
			baseConfigurationReference = 1AC6FC53A6E066803D00F23F /* Pods-HCI_Prototype.release.xcconfig */;
			buildSettings = {
				ASSETCATALOG_COMPILER_APPICON_NAME = AppIcon;
				ASSETCATALOG_COMPILER_GLOBAL_ACCENT_COLOR_NAME = AccentColor;
				CODE_SIGN_STYLE = Automatic;
				CURRENT_PROJECT_VERSION = 1;
				DEVELOPMENT_TEAM = W3KVX86XKG;
				GENERATE_INFOPLIST_FILE = YES;
				INFOPLIST_FILE = HCI_Prototype/Info.plist;
				INFOPLIST_KEY_UIApplicationSupportsIndirectInputEvents = YES;
				INFOPLIST_KEY_UILaunchStoryboardName = LaunchScreen;
				INFOPLIST_KEY_UIMainStoryboardFile = Main;
				INFOPLIST_KEY_UISupportedInterfaceOrientations_iPad = "UIInterfaceOrientationPortrait UIInterfaceOrientationPortraitUpsideDown UIInterfaceOrientationLandscapeLeft UIInterfaceOrientationLandscapeRight";
				INFOPLIST_KEY_UISupportedInterfaceOrientations_iPhone = "UIInterfaceOrientationPortrait UIInterfaceOrientationLandscapeLeft UIInterfaceOrientationLandscapeRight";
				LD_RUNPATH_SEARCH_PATHS = (
					"$(inherited)",
					"@executable_path/Frameworks",
				);
				MARKETING_VERSION = 1.0;
				PRODUCT_BUNDLE_IDENTIFIER = "com.zfogg.HCI-Prototype";
				PRODUCT_NAME = "$(TARGET_NAME)";
				SWIFT_EMIT_LOC_STRINGS = YES;
				SWIFT_VERSION = 5.0;
				TARGETED_DEVICE_FAMILY = "1,2";
			};
			name = Release;
		};
		6F3FBD77273B295400657367 /* Debug */ = {
			isa = XCBuildConfiguration;
			buildSettings = {
				ALWAYS_EMBED_SWIFT_STANDARD_LIBRARIES = YES;
				BUNDLE_LOADER = "$(TEST_HOST)";
				CODE_SIGN_STYLE = Automatic;
				CURRENT_PROJECT_VERSION = 1;
				DEVELOPMENT_TEAM = W3KVX86XKG;
				GENERATE_INFOPLIST_FILE = YES;
				IPHONEOS_DEPLOYMENT_TARGET = 15.0;
				LD_RUNPATH_SEARCH_PATHS = (
					"$(inherited)",
					"@executable_path/Frameworks",
					"@loader_path/Frameworks",
				);
				MARKETING_VERSION = 1.0;
				PRODUCT_BUNDLE_IDENTIFIER = "com.zfogg.HCI-PrototypeTests";
				PRODUCT_NAME = "$(TARGET_NAME)";
				SWIFT_EMIT_LOC_STRINGS = NO;
				SWIFT_VERSION = 5.0;
				TARGETED_DEVICE_FAMILY = "1,2";
				TEST_HOST = "$(BUILT_PRODUCTS_DIR)/HCI_Prototype.app/HCI_Prototype";
			};
			name = Debug;
		};
		6F3FBD78273B295400657367 /* Release */ = {
			isa = XCBuildConfiguration;
			buildSettings = {
				ALWAYS_EMBED_SWIFT_STANDARD_LIBRARIES = YES;
				BUNDLE_LOADER = "$(TEST_HOST)";
				CODE_SIGN_STYLE = Automatic;
				CURRENT_PROJECT_VERSION = 1;
				DEVELOPMENT_TEAM = W3KVX86XKG;
				GENERATE_INFOPLIST_FILE = YES;
				IPHONEOS_DEPLOYMENT_TARGET = 15.0;
				LD_RUNPATH_SEARCH_PATHS = (
					"$(inherited)",
					"@executable_path/Frameworks",
					"@loader_path/Frameworks",
				);
				MARKETING_VERSION = 1.0;
				PRODUCT_BUNDLE_IDENTIFIER = "com.zfogg.HCI-PrototypeTests";
				PRODUCT_NAME = "$(TARGET_NAME)";
				SWIFT_EMIT_LOC_STRINGS = NO;
				SWIFT_VERSION = 5.0;
				TARGETED_DEVICE_FAMILY = "1,2";
				TEST_HOST = "$(BUILT_PRODUCTS_DIR)/HCI_Prototype.app/HCI_Prototype";
			};
			name = Release;
		};
		6F3FBD7A273B295400657367 /* Debug */ = {
			isa = XCBuildConfiguration;
			buildSettings = {
				ALWAYS_EMBED_SWIFT_STANDARD_LIBRARIES = YES;
				CODE_SIGN_STYLE = Automatic;
				CURRENT_PROJECT_VERSION = 1;
				DEVELOPMENT_TEAM = W3KVX86XKG;
				GENERATE_INFOPLIST_FILE = YES;
				LD_RUNPATH_SEARCH_PATHS = (
					"$(inherited)",
					"@executable_path/Frameworks",
					"@loader_path/Frameworks",
				);
				MARKETING_VERSION = 1.0;
				PRODUCT_BUNDLE_IDENTIFIER = "com.zfogg.HCI-PrototypeUITests";
				PRODUCT_NAME = "$(TARGET_NAME)";
				SWIFT_EMIT_LOC_STRINGS = NO;
				SWIFT_VERSION = 5.0;
				TARGETED_DEVICE_FAMILY = "1,2";
				TEST_TARGET_NAME = HCI_Prototype;
			};
			name = Debug;
		};
		6F3FBD7B273B295400657367 /* Release */ = {
			isa = XCBuildConfiguration;
			buildSettings = {
				ALWAYS_EMBED_SWIFT_STANDARD_LIBRARIES = YES;
				CODE_SIGN_STYLE = Automatic;
				CURRENT_PROJECT_VERSION = 1;
				DEVELOPMENT_TEAM = W3KVX86XKG;
				GENERATE_INFOPLIST_FILE = YES;
				LD_RUNPATH_SEARCH_PATHS = (
					"$(inherited)",
					"@executable_path/Frameworks",
					"@loader_path/Frameworks",
				);
				MARKETING_VERSION = 1.0;
				PRODUCT_BUNDLE_IDENTIFIER = "com.zfogg.HCI-PrototypeUITests";
				PRODUCT_NAME = "$(TARGET_NAME)";
				SWIFT_EMIT_LOC_STRINGS = NO;
				SWIFT_VERSION = 5.0;
				TARGETED_DEVICE_FAMILY = "1,2";
				TEST_TARGET_NAME = HCI_Prototype;
			};
			name = Release;
		};
/* End XCBuildConfiguration section */

/* Begin XCConfigurationList section */
		6F3FBD44273B295300657367 /* Build configuration list for PBXProject "HCI_Prototype" */ = {
			isa = XCConfigurationList;
			buildConfigurations = (
				6F3FBD71273B295400657367 /* Debug */,
				6F3FBD72273B295400657367 /* Release */,
			);
			defaultConfigurationIsVisible = 0;
			defaultConfigurationName = Release;
		};
		6F3FBD73273B295400657367 /* Build configuration list for PBXNativeTarget "HCI_Prototype" */ = {
			isa = XCConfigurationList;
			buildConfigurations = (
				6F3FBD74273B295400657367 /* Debug */,
				6F3FBD75273B295400657367 /* Release */,
			);
			defaultConfigurationIsVisible = 0;
			defaultConfigurationName = Release;
		};
		6F3FBD76273B295400657367 /* Build configuration list for PBXNativeTarget "HCI_PrototypeTests" */ = {
			isa = XCConfigurationList;
			buildConfigurations = (
				6F3FBD77273B295400657367 /* Debug */,
				6F3FBD78273B295400657367 /* Release */,
			);
			defaultConfigurationIsVisible = 0;
			defaultConfigurationName = Release;
		};
		6F3FBD79273B295400657367 /* Build configuration list for PBXNativeTarget "HCI_PrototypeUITests" */ = {
			isa = XCConfigurationList;
			buildConfigurations = (
				6F3FBD7A273B295400657367 /* Debug */,
				6F3FBD7B273B295400657367 /* Release */,
			);
			defaultConfigurationIsVisible = 0;
			defaultConfigurationName = Release;
		};
/* End XCConfigurationList section */
	};
	rootObject = 6F3FBD41273B295300657367 /* Project object */;
}
